
Microsoft Visual Studio Solution File, Format Version 12.00
# Visual Studio 15
Project("{FAE04EC0-301F-11D3-BF4B-00C04F79EFBC}") = "laba2", "laba2\laba2.csproj", "{C8DB530B-DD32-49F7-ABB4-3B107E306966}"
EndProject
Global
	GlobalSection(SolutionConfigurationPlatforms) = preSolution
		Debug|anycpu = Debug|anycpu
		Release|anycpu = Release|anycpu
	EndGlobalSection
	GlobalSection(ProjectConfigurationPlatforms) = postSolution
		{C8DB530B-DD32-49F7-ABB4-3B107E306966}.Debug|anycpu.ActiveCfg = Debug|anycpu
		{C8DB530B-DD32-49F7-ABB4-3B107E306966}.Debug|anycpu.Build.0 = Debug|anycpu
		{C8DB530B-DD32-49F7-ABB4-3B107E306966}.Release|anycpu.ActiveCfg = Release|anycpu
		{C8DB530B-DD32-49F7-ABB4-3B107E306966}.Release|anycpu.Build.0 = Release|anycpu
	EndGlobalSection
EndGlobal
